{
  "name": "server",
  "version": "0.1.0",
  "lockfileVersion": 3,
  "requires": true,
  "packages": {
    "": {
      "name": "server",
      "version": "0.1.0",
      "dependencies": {
        "next-impl-cache-adapter": "latest",
        "next-impl-cache-in-memory": "latest"
      }
    },
    "node_modules/next-impl-cache-adapter": {
      "version": "0.1.1",
      "resolved": "https://registry.npmjs.org/next-impl-cache-adapter/-/next-impl-cache-adapter-0.1.1.tgz",
      "integrity": "sha512-r6kKPv32FypUhDeTkC5Zmt+11RaAdtYLActVloDt+bNdonr6Ij+l1hvEraJP5ePUjRgmCgnWVFobwnoU30U0bQ=="
    },
    "node_modules/next-impl-cache-in-memory": {
      "version": "0.1.1",
      "resolved": "https://registry.npmjs.org/next-impl-cache-in-memory/-/next-impl-cache-in-memory-0.1.1.tgz",
      "integrity": "sha512-+JTvGs9GO/O3K6s6jk/g3PMVPeFLGxQCwg2lf98graGivIUadLK34ULmgPDCfo0UHoYgYqzBXXX8sOz9TrUCPQ=="
    }
  }
}
